
Microsoft Visual Studio Solution File, Format Version 12.00
# Visual Studio 14
VisualStudioVersion = 14.0.23107.0
MinimumVisualStudioVersion = 10.0.40219.1
Project("{FAE04EC0-301F-11D3-BF4B-00C04F79EFBC}") = "SXCore.Lexems", "SXCore.Lexems\SXCore.Lexems.csproj", "{68CA2380-A4DC-4984-ACBA-835BF193C272}"
EndProject
Project("{FAE04EC0-301F-11D3-BF4B-00C04F79EFBC}") = "SXCore.Shared", "SXCore.Shared\SXCore.Shared.csproj", "{D594C04A-C342-4569-AEC3-901929112062}"
EndProject
Project("{2150E333-8FDC-42A3-9474-1A3956D46DE8}") = "Tests", "Tests", "{ED7779F3-B6EB-4FC5-8BFB-DE8BB02742A1}"
EndProject
Project("{FAE04EC0-301F-11D3-BF4B-00C04F79EFBC}") = "Tests.Lexems", "Tests\Tests.Lexems\Tests.Lexems.csproj", "{8B32C3D2-954E-484D-A20A-87D2C0080D5A}"
EndProject
Project("{FAE04EC0-301F-11D3-BF4B-00C04F79EFBC}") = "SXCore.Common", "SXCore.Common\SXCore.Common.csproj", "{FE36C71D-2034-40A2-BA5A-692BF76B5637}"
EndProject
Project("{FAE04EC0-301F-11D3-BF4B-00C04F79EFBC}") = "SXCore.Infrastructure", "SXCore.Infrastructure\SXCore.Infrastructure.csproj", "{14C06AEA-FD37-4CE1-B9CC-B4CC5250E537}"
EndProject
Global
	GlobalSection(SolutionConfigurationPlatforms) = preSolution
		Debug|Any CPU = Debug|Any CPU
		Release|Any CPU = Release|Any CPU
	EndGlobalSection
	GlobalSection(ProjectConfigurationPlatforms) = postSolution
		{68CA2380-A4DC-4984-ACBA-835BF193C272}.Debug|Any CPU.ActiveCfg = Debug|Any CPU
		{68CA2380-A4DC-4984-ACBA-835BF193C272}.Debug|Any CPU.Build.0 = Debug|Any CPU
		{68CA2380-A4DC-4984-ACBA-835BF193C272}.Release|Any CPU.ActiveCfg = Release|Any CPU
		{68CA2380-A4DC-4984-ACBA-835BF193C272}.Release|Any CPU.Build.0 = Release|Any CPU
		{D594C04A-C342-4569-AEC3-901929112062}.Debug|Any CPU.ActiveCfg = Debug|Any CPU
		{D594C04A-C342-4569-AEC3-901929112062}.Debug|Any CPU.Build.0 = Debug|Any CPU
		{D594C04A-C342-4569-AEC3-901929112062}.Release|Any CPU.ActiveCfg = Release|Any CPU
		{D594C04A-C342-4569-AEC3-901929112062}.Release|Any CPU.Build.0 = Release|Any CPU
		{8B32C3D2-954E-484D-A20A-87D2C0080D5A}.Debug|Any CPU.ActiveCfg = Debug|Any CPU
		{8B32C3D2-954E-484D-A20A-87D2C0080D5A}.Debug|Any CPU.Build.0 = Debug|Any CPU
		{8B32C3D2-954E-484D-A20A-87D2C0080D5A}.Release|Any CPU.ActiveCfg = Release|Any CPU
		{8B32C3D2-954E-484D-A20A-87D2C0080D5A}.Release|Any CPU.Build.0 = Release|Any CPU
		{FE36C71D-2034-40A2-BA5A-692BF76B5637}.Debug|Any CPU.ActiveCfg = Debug|Any CPU
		{FE36C71D-2034-40A2-BA5A-692BF76B5637}.Debug|Any CPU.Build.0 = Debug|Any CPU
		{FE36C71D-2034-40A2-BA5A-692BF76B5637}.Release|Any CPU.ActiveCfg = Release|Any CPU
		{FE36C71D-2034-40A2-BA5A-692BF76B5637}.Release|Any CPU.Build.0 = Release|Any CPU
		{14C06AEA-FD37-4CE1-B9CC-B4CC5250E537}.Debug|Any CPU.ActiveCfg = Debug|Any CPU
		{14C06AEA-FD37-4CE1-B9CC-B4CC5250E537}.Debug|Any CPU.Build.0 = Debug|Any CPU
		{14C06AEA-FD37-4CE1-B9CC-B4CC5250E537}.Release|Any CPU.ActiveCfg = Release|Any CPU
		{14C06AEA-FD37-4CE1-B9CC-B4CC5250E537}.Release|Any CPU.Build.0 = Release|Any CPU
	EndGlobalSection
	GlobalSection(SolutionProperties) = preSolution
		HideSolutionNode = FALSE
	EndGlobalSection
	GlobalSection(NestedProjects) = preSolution
		{8B32C3D2-954E-484D-A20A-87D2C0080D5A} = {ED7779F3-B6EB-4FC5-8BFB-DE8BB02742A1}
	EndGlobalSection
EndGlobal
